<?xml version="1.0" encoding="utf-8"?>
<Project ToolsVersion="4.0" xmlns="http://schemas.microsoft.com/developer/msbuild/2003">
  <ItemGroup>
    <Filter Include="Core">
      <UniqueIdentifier>{4FC737F1-C7A5-4376-A066-2A32D752A2FF}</UniqueIdentifier>
      <Extensions>cpp;c;cc;cxx;def;odl;idl;hpj;bat;asm;asmx</Extensions>
    </Filter>
    <Filter Include="Modules">
      <UniqueIdentifier>{93995380-89BD-4b04-88EB-625FBE52EBFB}</UniqueIdentifier>
      <Extensions>h;hh;hpp;hxx;hm;inl;inc;xsd</Extensions>
    </Filter>
    <Filter Include="Containers">
      <UniqueIdentifier>{78a7f487-1d77-4fdc-9f51-f067eccd6239}</UniqueIdentifier>
    </Filter>
    <Filter Include="Modules\Scenes">
      <UniqueIdentifier>{843186bc-d102-4181-84d5-bf41eeef38f4}</UniqueIdentifier>
    </Filter>
    <Filter Include="Modules\Enemies">
      <UniqueIdentifier>{b46456cc-bb77-4a70-9398-3a676b978c84}</UniqueIdentifier>
    </Filter>
    <Filter Include="Modules\Base Modules">
      <UniqueIdentifier>{37227915-943c-437e-af36-a714c7c0747a}</UniqueIdentifier>
    </Filter>
    <Filter Include="Modules\Objects">
      <UniqueIdentifier>{74fb39fc-2b4a-46a0-8a2f-2e3a39e89843}</UniqueIdentifier>
    </Filter>
    <Filter Include="Modules\Colliders">
      <UniqueIdentifier>{e5aed6fd-5f82-41d1-b703-5a891b5005e0}</UniqueIdentifier>
    </Filter>
    <Filter Include="Modules\Player">
      <UniqueIdentifier>{09caff88-5fd9-43f6-b4dd-650e65945fc9}</UniqueIdentifier>
    </Filter>
    <Filter Include="Modules\Particles">
      <UniqueIdentifier>{79f681a5-28c2-4cf6-931d-2cf52369b06e}</UniqueIdentifier>
    </Filter>
    <Filter Include="Modules\Fade">
      <UniqueIdentifier>{49f57e16-c3c3-46de-ba20-91b66aeba5fb}</UniqueIdentifier>
    </Filter>
    <Filter Include="Modules\Interfice">
      <UniqueIdentifier>{52f834f8-6b79-400a-b7fe-9886a57a542f}</UniqueIdentifier>
    </Filter>
    <Filter Include="Modules\Volumes">
      <UniqueIdentifier>{f6273bef-b0bd-45b5-8ff5-f7d963f84cb5}</UniqueIdentifier>
    </Filter>
  </ItemGroup>
  <ItemGroup>
    <ClInclude Include="MemLeaks.h">
      <Filter>Core</Filter>
    </ClInclude>
    <ClInclude Include="Globals.h">
      <Filter>Core</Filter>
    </ClInclude>
    <ClInclude Include="Application.h">
      <Filter>Core</Filter>
    </ClInclude>
    <ClInclude Include="p2Point.h">
      <Filter>Containers</Filter>
    </ClInclude>
    <ClInclude Include="Animation.h">
      <Filter>Containers</Filter>
    </ClInclude>
    <ClInclude Include="Path.h">
      <Filter>Containers</Filter>
    </ClInclude>
    <ClInclude Include="Module_lvl_1.h">
      <Filter>Modules\Scenes</Filter>
    </ClInclude>
    <ClInclude Include="Module_Congrats.h">
      <Filter>Modules\Scenes</Filter>
    </ClInclude>
    <ClInclude Include="Module_lvl_2.h">
      <Filter>Modules\Scenes</Filter>
    </ClInclude>
    <ClInclude Include="Module_Welcome.h">
      <Filter>Modules\Scenes</Filter>
    </ClInclude>
    <ClInclude Include="ModuleGameOver.h">
      <Filter>Modules\Scenes</Filter>
    </ClInclude>
    <ClInclude Include="Enemy.h">
      <Filter>Modules\Enemies</Filter>
    </ClInclude>
    <ClInclude Include="ENEMY_Basic_Robot.h">
      <Filter>Modules\Enemies</Filter>
    </ClInclude>
    <ClInclude Include="ModuleEnemies.h">
      <Filter>Modules\Enemies</Filter>
    </ClInclude>
    <ClInclude Include="ModuleAudio.h">
      <Filter>Modules\Base Modules</Filter>
    </ClInclude>
    <ClInclude Include="ModuleInput.h">
      <Filter>Modules\Base Modules</Filter>
    </ClInclude>
    <ClInclude Include="ModuleRender.h">
      <Filter>Modules\Base Modules</Filter>
    </ClInclude>
    <ClInclude Include="ModuleTextures.h">
      <Filter>Modules\Base Modules</Filter>
    </ClInclude>
    <ClInclude Include="ModuleWindow.h">
      <Filter>Modules\Base Modules</Filter>
    </ClInclude>
    <ClInclude Include="Module.h">
      <Filter>Modules\Base Modules</Filter>
    </ClInclude>
    <ClInclude Include="Object.h">
      <Filter>Modules\Objects</Filter>
    </ClInclude>
    <ClInclude Include="ModuleObjects.h">
      <Filter>Modules\Objects</Filter>
    </ClInclude>
    <ClInclude Include="OBJECT_Change_Box.h">
      <Filter>Modules\Objects</Filter>
    </ClInclude>
    <ClInclude Include="OBJECT_Energy_Box.h">
      <Filter>Modules\Objects</Filter>
    </ClInclude>
    <ClInclude Include="OBJECT_Upgrade.h">
      <Filter>Modules\Objects</Filter>
    </ClInclude>
    <ClInclude Include="ModuleCollision.h">
      <Filter>Modules\Colliders</Filter>
    </ClInclude>
    <ClInclude Include="ModulePlayer.h">
      <Filter>Modules\Player</Filter>
    </ClInclude>
    <ClInclude Include="ModuleParticles.h">
      <Filter>Modules\Particles</Filter>
    </ClInclude>
    <ClInclude Include="ModuleChangeScene.h">
      <Filter>Modules\Fade</Filter>
    </ClInclude>
    <ClInclude Include="ModuleInterfice.h">
      <Filter>Modules\Interfice</Filter>
    </ClInclude>
    <ClInclude Include="ENEMY_Tiny_Turret.h">
      <Filter>Modules\Enemies</Filter>
    </ClInclude>
    <ClInclude Include="ENEMY_Car.h">
      <Filter>Modules\Enemies</Filter>
    </ClInclude>
    <ClInclude Include="ModuleVolumes.h">
      <Filter>Modules\Volumes</Filter>
    </ClInclude>
    <ClInclude Include="ENEMY_Big_Turret_Left.h">
      <Filter>Modules\Enemies</Filter>
    </ClInclude>
    <ClInclude Include="ENEMY_Big_Turret_Right.h">
      <Filter>Modules\Enemies</Filter>
    </ClInclude>
    <ClInclude Include="ENEMY_Golden_Turret.h">
      <Filter>Modules\Enemies</Filter>
    </ClInclude>
    <ClInclude Include="ENEMY_Red_Robot.h">
      <Filter>Modules\Enemies</Filter>
    </ClInclude>
  </ItemGroup>
  <ItemGroup>
    <ClCompile Include="Main.cpp">
      <Filter>Core</Filter>
    </ClCompile>
    <ClCompile Include="Application.cpp">
      <Filter>Core</Filter>
    </ClCompile>
    <ClCompile Include="Globals.cpp">
      <Filter>Core</Filter>
    </ClCompile>
    <ClCompile Include="Module_lvl_1.cpp">
      <Filter>Modules\Scenes</Filter>
    </ClCompile>
    <ClCompile Include="Module_Congrats.cpp">
      <Filter>Modules\Scenes</Filter>
    </ClCompile>
    <ClCompile Include="Module_lvl_2.cpp">
      <Filter>Modules\Scenes</Filter>
    </ClCompile>
    <ClCompile Include="Module_Welcome.cpp">
      <Filter>Modules\Scenes</Filter>
    </ClCompile>
    <ClCompile Include="ModuleGameOver.cpp">
      <Filter>Modules\Scenes</Filter>
    </ClCompile>
    <ClCompile Include="Enemy.cpp">
      <Filter>Modules\Enemies</Filter>
    </ClCompile>
    <ClCompile Include="ENEMY_Basic_Robot.cpp">
      <Filter>Modules\Enemies</Filter>
    </ClCompile>
    <ClCompile Include="ModuleEnemies.cpp">
      <Filter>Modules\Enemies</Filter>
    </ClCompile>
    <ClCompile Include="ModuleAudio.cpp">
      <Filter>Modules\Base Modules</Filter>
    </ClCompile>
    <ClCompile Include="ModuleInput.cpp">
      <Filter>Modules\Base Modules</Filter>
    </ClCompile>
    <ClCompile Include="ModuleRender.cpp">
      <Filter>Modules\Base Modules</Filter>
    </ClCompile>
    <ClCompile Include="ModuleTextures.cpp">
      <Filter>Modules\Base Modules</Filter>
    </ClCompile>
    <ClCompile Include="ModuleWindow.cpp">
      <Filter>Modules\Base Modules</Filter>
    </ClCompile>
    <ClCompile Include="Object.cpp">
      <Filter>Modules\Objects</Filter>
    </ClCompile>
    <ClCompile Include="ModuleObjects.cpp">
      <Filter>Modules\Objects</Filter>
    </ClCompile>
    <ClCompile Include="OBJECT_Change_Box.cpp">
      <Filter>Modules\Objects</Filter>
    </ClCompile>
    <ClCompile Include="OBJECT_Energy_Box.cpp">
      <Filter>Modules\Objects</Filter>
    </ClCompile>
    <ClCompile Include="OBJECT_Upgrade.cpp">
      <Filter>Modules\Objects</Filter>
    </ClCompile>
    <ClCompile Include="ModuleCollision.cpp">
      <Filter>Modules\Colliders</Filter>
    </ClCompile>
    <ClCompile Include="ModulePlayer.cpp">
      <Filter>Modules\Player</Filter>
    </ClCompile>
    <ClCompile Include="ModuleParticles.cpp">
      <Filter>Modules\Particles</Filter>
    </ClCompile>
    <ClCompile Include="ModuleChangeScene.cpp">
      <Filter>Modules\Fade</Filter>
    </ClCompile>
    <ClCompile Include="ModuleInterfice.cpp">
      <Filter>Modules\Interfice</Filter>
    </ClCompile>
    <ClCompile Include="ENEMY_Tiny_Turret.cpp">
      <Filter>Modules\Enemies</Filter>
    </ClCompile>
    <ClCompile Include="ENEMY_Car.cpp">
      <Filter>Modules\Enemies</Filter>
    </ClCompile>
    <ClCompile Include="ModuleVolumes.cpp">
      <Filter>Modules\Volumes</Filter>
    </ClCompile>
    <ClCompile Include="ENEMY_Big_Turret_Left.cpp">
      <Filter>Modules\Enemies</Filter>
    </ClCompile>
    <ClCompile Include="ENEMY_Big_Turret_Right.cpp">
      <Filter>Modules\Enemies</Filter>
    </ClCompile>
    <ClCompile Include="ENEMY_Golden_Turret.cpp">
      <Filter>Modules\Enemies</Filter>
    </ClCompile>
    <ClCompile Include="ENEMY_Red_Robot.cpp">
      <Filter>Modules\Enemies</Filter>
    </ClCompile>
  </ItemGroup>
</Project>